// !$*UTF8*$!
{
	archiveVersion = 1;
	classes = {
	};
	objectVersion = 50;
	objects = {

/* Begin PBXBuildFile section */
		639E0EC120AA2E1E003F9397 /* AppDelegate.swift in Sources */ = {isa = PBXBuildFile; fileRef = 639E0EC020AA2E1E003F9397 /* AppDelegate.swift */; };
		639E0EC320AA2E1E003F9397 /* ViewController.swift in Sources */ = {isa = PBXBuildFile; fileRef = 639E0EC220AA2E1E003F9397 /* ViewController.swift */; };
		639E0EC620AA2E1E003F9397 /* Main.storyboard in Resources */ = {isa = PBXBuildFile; fileRef = 639E0EC420AA2E1E003F9397 /* Main.storyboard */; };
		639E0EC920AA2E1E003F9397 /* Lyric_Dynamic_v1.xcdatamodeld in Sources */ = {isa = PBXBuildFile; fileRef = 639E0EC720AA2E1E003F9397 /* Lyric_Dynamic_v1.xcdatamodeld */; };
		639E0ECB20AA2E1F003F9397 /* Assets.xcassets in Resources */ = {isa = PBXBuildFile; fileRef = 639E0ECA20AA2E1F003F9397 /* Assets.xcassets */; };
		639E0ECE20AA2E1F003F9397 /* LaunchScreen.storyboard in Resources */ = {isa = PBXBuildFile; fileRef = 639E0ECC20AA2E1F003F9397 /* LaunchScreen.storyboard */; };
/* End PBXBuildFile section */

/* Begin PBXFileReference section */
		639E0EBD20AA2E1E003F9397 /* Lyric Dynamic v1.app */ = {isa = PBXFileReference; explicitFileType = wrapper.application; includeInIndex = 0; path = "Lyric Dynamic v1.app"; sourceTree = BUILT_PRODUCTS_DIR; };
		639E0EC020AA2E1E003F9397 /* AppDelegate.swift */ = {isa = PBXFileReference; lastKnownFileType = sourcecode.swift; path = AppDelegate.swift; sourceTree = "<group>"; };
		639E0EC220AA2E1E003F9397 /* ViewController.swift */ = {isa = PBXFileReference; lastKnownFileType = sourcecode.swift; path = ViewController.swift; sourceTree = "<group>"; };
		639E0EC520AA2E1E003F9397 /* Base */ = {isa = PBXFileReference; lastKnownFileType = file.storyboard; name = Base; path = Base.lproj/Main.storyboard; sourceTree = "<group>"; };
		639E0EC820AA2E1E003F9397 /* Lyric_Dynamic_v1.xcdatamodel */ = {isa = PBXFileReference; lastKnownFileType = wrapper.xcdatamodel; path = Lyric_Dynamic_v1.xcdatamodel; sourceTree = "<group>"; };
		639E0ECA20AA2E1F003F9397 /* Assets.xcassets */ = {isa = PBXFileReference; lastKnownFileType = folder.assetcatalog; path = Assets.xcassets; sourceTree = "<group>"; };
		639E0ECD20AA2E1F003F9397 /* Base */ = {isa = PBXFileReference; lastKnownFileType = file.storyboard; name = Base; path = Base.lproj/LaunchScreen.storyboard; sourceTree = "<group>"; };
		639E0ECF20AA2E1F003F9397 /* Info.plist */ = {isa = PBXFileReference; lastKnownFileType = text.plist.xml; path = Info.plist; sourceTree = "<group>"; };
/* End PBXFileReference section */

/* Begin PBXFrameworksBuildPhase section */
		639E0EBA20AA2E1E003F9397 /* Frameworks */ = {
			isa = PBXFrameworksBuildPhase;
			buildActionMask = 2147483647;
			files = (
			);
			runOnlyForDeploymentPostprocessing = 0;
		};
/* End PBXFrameworksBuildPhase section */

/* Begin PBXGroup section */
		639E0EB420AA2E1E003F9397 = {
			isa = PBXGroup;
			children = (
				639E0EBF20AA2E1E003F9397 /* Lyric Dynamic v1 */,
				639E0EBE20AA2E1E003F9397 /* Products */,
			);
			sourceTree = "<group>";
		};
		639E0EBE20AA2E1E003F9397 /* Products */ = {
			isa = PBXGroup;
			children = (
				639E0EBD20AA2E1E003F9397 /* Lyric Dynamic v1.app */,
			);
			name = Products;
			sourceTree = "<group>";
		};
		639E0EBF20AA2E1E003F9397 /* Lyric Dynamic v1 */ = {
			isa = PBXGroup;
			children = (
				639E0EC020AA2E1E003F9397 /* AppDelegate.swift */,
				639E0EC220AA2E1E003F9397 /* ViewController.swift */,
				639E0EC420AA2E1E003F9397 /* Main.storyboard */,
				639E0ECA20AA2E1F003F9397 /* Assets.xcassets */,
				639E0ECC20AA2E1F003F9397 /* LaunchScreen.storyboard */,
				639E0ECF20AA2E1F003F9397 /* Info.plist */,
				639E0EC720AA2E1E003F9397 /* Lyric_Dynamic_v1.xcdatamodeld */,
			);
			path = "Lyric Dynamic v1";
			sourceTree = "<group>";
		};
/* End PBXGroup section */

/* Begin PBXNativeTarget section */
		639E0EBC20AA2E1E003F9397 /* Lyric Dynamic v1 */ = {
			isa = PBXNativeTarget;
			buildConfigurationList = 639E0ED220AA2E1F003F9397 /* Build configuration list for PBXNativeTarget "Lyric Dynamic v1" */;
			buildPhases = (
				639E0EB920AA2E1E003F9397 /* Sources */,
				639E0EBA20AA2E1E003F9397 /* Frameworks */,
				639E0EBB20AA2E1E003F9397 /* Resources */,
			);
			buildRules = (
			);
			dependencies = (
			);
			name = "Lyric Dynamic v1";
			productName = "Lyric Dynamic v1";
			productReference = 639E0EBD20AA2E1E003F9397 /* Lyric Dynamic v1.app */;
			productType = "com.apple.product-type.application";
		};
/* End PBXNativeTarget section */

/* Begin PBXProject section */
		639E0EB520AA2E1E003F9397 /* Project object */ = {
			isa = PBXProject;
			attributes = {
				LastSwiftUpdateCheck = 0930;
				LastUpgradeCheck = 0930;
				ORGANIZATIONNAME = "L&L";
				TargetAttributes = {
					639E0EBC20AA2E1E003F9397 = {
						CreatedOnToolsVersion = 9.3;
					};
				};
			};
			buildConfigurationList = 639E0EB820AA2E1E003F9397 /* Build configuration list for PBXProject "Lyric Dynamic v1" */;
			compatibilityVersion = "Xcode 9.3";
			developmentRegion = en;
			hasScannedForEncodings = 0;
			knownRegions = (
				en,
				Base,
			);
			mainGroup = 639E0EB420AA2E1E003F9397;
			productRefGroup = 639E0EBE20AA2E1E003F9397 /* Products */;
			projectDirPath = "";
			projectRoot = "";
			targets = (
				639E0EBC20AA2E1E003F9397 /* Lyric Dynamic v1 */,
			);
		};
/* End PBXProject section */

/* Begin PBXResourcesBuildPhase section */
		639E0EBB20AA2E1E003F9397 /* Resources */ = {
			isa = PBXResourcesBuildPhase;
			buildActionMask = 2147483647;
			files = (
				639E0ECE20AA2E1F003F9397 /* LaunchScreen.storyboard in Resources */,
				639E0ECB20AA2E1F003F9397 /* Assets.xcassets in Resources */,
				639E0EC620AA2E1E003F9397 /* Main.storyboard in Resources */,
			);
			runOnlyForDeploymentPostprocessing = 0;
		};
/* End PBXResourcesBuildPhase section */

/* Begin PBXSourcesBuildPhase section */
		639E0EB920AA2E1E003F9397 /* Sources */ = {
			isa = PBXSourcesBuildPhase;
			buildActionMask = 2147483647;
			files = (
				639E0EC320AA2E1E003F9397 /* ViewController.swift in Sources */,
				639E0EC120AA2E1E003F9397 /* AppDelegate.swift in Sources */,
				639E0EC920AA2E1E003F9397 /* Lyric_Dynamic_v1.xcdatamodeld in Sources */,
			);
			runOnlyForDeploymentPostprocessing = 0;
		};
/* End PBXSourcesBuildPhase section */

/* Begin PBXVariantGroup section */
		639E0EC420AA2E1E003F9397 /* Main.storyboard */ = {
			isa = PBXVariantGroup;
			children = (
				639E0EC520AA2E1E003F9397 /* Base */,
			);
			name = Main.storyboard;
			sourceTree = "<group>";
		};
		639E0ECC20AA2E1F003F9397 /* LaunchScreen.storyboard */ = {
			isa = PBXVariantGroup;
			children = (
				639E0ECD20AA2E1F003F9397 /* Base */,
			);
			name = LaunchScreen.storyboard;
			sourceTree = "<group>";
		};
/* End PBXVariantGroup section */

/* Begin XCBuildConfiguration section */
		639E0ED020AA2E1F003F9397 /* Debug */ = {
			isa = XCBuildConfiguration;
			buildSettings = {
				ALWAYS_SEARCH_USER_PATHS = NO;
				CLANG_ANALYZER_NONNULL = YES;
				CLANG_ANALYZER_NUMBER_OBJECT_CONVERSION = YES_AGGRESSIVE;
				CLANG_CXX_LANGUAGE_STANDARD = "gnu++14";
				CLANG_CXX_LIBRARY = "libc++";
				CLANG_ENABLE_MODULES = YES;
				CLANG_ENABLE_OBJC_ARC = YES;
				CLANG_ENABLE_OBJC_WEAK = YES;
				CLANG_WARN_BLOCK_CAPTURE_AUTORELEASING = YES;
				CLANG_WARN_BOOL_CONVERSION = YES;
				CLANG_WARN_COMMA = YES;
				CLANG_WARN_CONSTANT_CONVERSION = YES;
				CLANG_WARN_DEPRECATED_OBJC_IMPLEMENTATIONS = YES;
				CLANG_WARN_DIRECT_OBJC_ISA_USAGE = YES_ERROR;
				CLANG_WARN_DOCUMENTATION_COMMENTS = YES;
				CLANG_WARN_EMPTY_BODY = YES;
				CLANG_WARN_ENUM_CONVERSION = YES;
				CLANG_WARN_INFINITE_RECURSION = YES;
				CLANG_WARN_INT_CONVERSION = YES;
				CLANG_WARN_NON_LITERAL_NULL_CONVERSION = YES;
				CLANG_WARN_OBJC_IMPLICIT_RETAIN_SELF = YES;
				CLANG_WARN_OBJC_LITERAL_CONVERSION = YES;
				CLANG_WARN_OBJC_ROOT_CLASS = YES_ERROR;
				CLANG_WARN_RANGE_LOOP_ANALYSIS = YES;
				CLANG_WARN_STRICT_PROTOTYPES = YES;
				CLANG_WARN_SUSPICIOUS_MOVE = YES;
				CLANG_WARN_UNGUARDED_AVAILABILITY = YES_AGGRESSIVE;
				CLANG_WARN_UNREACHABLE_CODE = YES;
				CLANG_WARN__DUPLICATE_METHOD_MATCH = YES;
				CODE_SIGN_IDENTITY = "iPhone Developer";
				COPY_PHASE_STRIP = NO;
				DEBUG_INFORMATION_FORMAT = dwarf;
				ENABLE_STRICT_OBJC_MSGSEND = YES;
				ENABLE_TESTABILITY = YES;
				GCC_C_LANGUAGE_STANDARD = gnu11;
				GCC_DYNAMIC_NO_PIC = NO;
				GCC_NO_COMMON_BLOCKS = YES;
				GCC_OPTIMIZATION_LEVEL = 0;
				GCC_PREPROCESSOR_DEFINITIONS = (
					"DEBUG=1",
					"$(inherited)",
				);
				GCC_WARN_64_TO_32_BIT_CONVERSION = YES;
				GCC_WARN_ABOUT_RETURN_TYPE = YES_ERROR;
				GCC_WARN_UNDECLARED_SELECTOR = YES;
				GCC_WARN_UNINITIALIZED_AUTOS = YES_AGGRESSIVE;
				GCC_WARN_UNUSED_FUNCTION = YES;
				GCC_WARN_UNUSED_VARIABLE = YES;
				IPHONEOS_DEPLOYMENT_TARGET = 11.3;
				MTL_ENABLE_DEBUG_INFO = YES;
				ONLY_ACTIVE_ARCH = YES;
				SDKROOT = iphoneos;
				SWIFT_ACTIVE_COMPILATION_CONDITIONS = DEBUG;
				SWIFT_OPTIMIZATION_LEVEL = "-Onone";
			};
			name = Debug;
		};
		639E0ED120AA2E1F003F9397 /* Release */ = {
			isa = XCBuildConfiguration;
			buildSettings = {
				ALWAYS_SEARCH_USER_PATHS = NO;
				CLANG_ANALYZER_NONNULL = YES;
				CLANG_ANALYZER_NUMBER_OBJECT_CONVERSION = YES_AGGRESSIVE;
				CLANG_CXX_LANGUAGE_STANDARD = "gnu++14";
				CLANG_CXX_LIBRARY = "libc++";
				CLANG_ENABLE_MODULES = YES;
				CLANG_ENABLE_OBJC_ARC = YES;
				CLANG_ENABLE_OBJC_WEAK = YES;
				CLANG_WARN_BLOCK_CAPTURE_AUTORELEASING = YES;
				CLANG_WARN_BOOL_CONVERSION = YES;
				CLANG_WARN_COMMA = YES;
				CLANG_WARN_CONSTANT_CONVERSION = YES;
				CLANG_WARN_DEPRECATED_OBJC_IMPLEMENTATIONS = YES;
				CLANG_WARN_DIRECT_OBJC_ISA_USAGE = YES_ERROR;
				CLANG_WARN_DOCUMENTATION_COMMENTS = YES;
				CLANG_WARN_EMPTY_BODY = YES;
				CLANG_WARN_ENUM_CONVERSION = YES;
				CLANG_WARN_INFINITE_RECURSION = YES;
				CLANG_WARN_INT_CONVERSION = YES;
				CLANG_WARN_NON_LITERAL_NULL_CONVERSION = YES;
				CLANG_WARN_OBJC_IMPLICIT_RETAIN_SELF = YES;
				CLANG_WARN_OBJC_LITERAL_CONVERSION = YES;
				CLANG_WARN_OBJC_ROOT_CLASS = YES_ERROR;
				CLANG_WARN_RANGE_LOOP_ANALYSIS = YES;
				CLANG_WARN_STRICT_PROTOTYPES = YES;
				CLANG_WARN_SUSPICIOUS_MOVE = YES;
				CLANG_WARN_UNGUARDED_AVAILABILITY = YES_AGGRESSIVE;
				CLANG_WARN_UNREACHABLE_CODE = YES;
				CLANG_WARN__DUPLICATE_METHOD_MATCH = YES;
				CODE_SIGN_IDENTITY = "iPhone Developer";
				COPY_PHASE_STRIP = NO;
				DEBUG_INFORMATION_FORMAT = "dwarf-with-dsym";
				ENABLE_NS_ASSERTIONS = NO;
				ENABLE_STRICT_OBJC_MSGSEND = YES;
				GCC_C_LANGUAGE_STANDARD = gnu11;
				GCC_NO_COMMON_BLOCKS = YES;
				GCC_WARN_64_TO_32_BIT_CONVERSION = YES;
				GCC_WARN_ABOUT_RETURN_TYPE = YES_ERROR;
				GCC_WARN_UNDECLARED_SELECTOR = YES;
				GCC_WARN_UNINITIALIZED_AUTOS = YES_AGGRESSIVE;
				GCC_WARN_UNUSED_FUNCTION = YES;
				GCC_WARN_UNUSED_VARIABLE = YES;
				IPHONEOS_DEPLOYMENT_TARGET = 11.3;
				MTL_ENABLE_DEBUG_INFO = NO;
				SDKROOT = iphoneos;
				SWIFT_COMPILATION_MODE = wholemodule;
				SWIFT_OPTIMIZATION_LEVEL = "-O";
				VALIDATE_PRODUCT = YES;
			};
			name = Release;
		};
		639E0ED320AA2E1F003F9397 /* Debug */ = {
			isa = XCBuildConfiguration;
			buildSettings = {
				ASSETCATALOG_COMPILER_APPICON_NAME = AppIcon;
				CODE_SIGN_STYLE = Automatic;
				INFOPLIST_FILE = "Lyric Dynamic v1/Info.plist";
				LD_RUNPATH_SEARCH_PATHS = (
					"$(inherited)",
					"@executable_path/Frameworks",
				);
				PRODUCT_BUNDLE_IDENTIFIER = "L-L.Lyric-Dynamic-v1";
				PRODUCT_NAME = "$(TARGET_NAME)";
				SWIFT_VERSION = 4.0;
				TARGETED_DEVICE_FAMILY = "1,2";
			};
			name = Debug;
		};
		639E0ED420AA2E1F003F9397 /* Release */ = {
			isa = XCBuildConfiguration;
			buildSettings = {
				ASSETCATALOG_COMPILER_APPICON_NAME = AppIcon;
				CODE_SIGN_STYLE = Automatic;
				INFOPLIST_FILE = "Lyric Dynamic v1/Info.plist";
				LD_RUNPATH_SEARCH_PATHS = (
					"$(inherited)",
					"@executable_path/Frameworks",
				);
				PRODUCT_BUNDLE_IDENTIFIER = "L-L.Lyric-Dynamic-v1";
				PRODUCT_NAME = "$(TARGET_NAME)";
				SWIFT_VERSION = 4.0;
				TARGETED_DEVICE_FAMILY = "1,2";
			};
			name = Release;
		};
/* End XCBuildConfiguration section */

/* Begin XCConfigurationList section */
		639E0EB820AA2E1E003F9397 /* Build configuration list for PBXProject "Lyric Dynamic v1" */ = {
			isa = XCConfigurationList;
			buildConfigurations = (
				639E0ED020AA2E1F003F9397 /* Debug */,
				639E0ED120AA2E1F003F9397 /* Release */,
			);
			defaultConfigurationIsVisible = 0;
			defaultConfigurationName = Release;
		};
		639E0ED220AA2E1F003F9397 /* Build configuration list for PBXNativeTarget "Lyric Dynamic v1" */ = {
			isa = XCConfigurationList;
			buildConfigurations = (
				639E0ED320AA2E1F003F9397 /* Debug */,
				639E0ED420AA2E1F003F9397 /* Release */,
			);
			defaultConfigurationIsVisible = 0;
			defaultConfigurationName = Release;
		};
/* End XCConfigurationList section */

/* Begin XCVersionGroup section */
		639E0EC720AA2E1E003F9397 /* Lyric_Dynamic_v1.xcdatamodeld */ = {
			isa = XCVersionGroup;
			children = (
				639E0EC820AA2E1E003F9397 /* Lyric_Dynamic_v1.xcdatamodel */,
			);
			currentVersion = 639E0EC820AA2E1E003F9397 /* Lyric_Dynamic_v1.xcdatamodel */;
			path = Lyric_Dynamic_v1.xcdatamodeld;
			sourceTree = "<group>";
			versionGroupType = wrapper.xcdatamodel;
		};
/* End XCVersionGroup section */
	};
	rootObject = 639E0EB520AA2E1E003F9397 /* Project object */;
}
